
Microsoft Visual Studio Solution File, Format Version 12.00
# Visual Studio 2013
VisualStudioVersion = 12.0.21005.1
MinimumVisualStudioVersion = 10.0.40219.1
Project("{FAE04EC0-301F-11D3-BF4B-00C04F79EFBC}") = "ChampionsLeague.Model", "ChampionsLeague.Model\ChampionsLeague.Model.csproj", "{7DEA3435-7EF1-4BA9-9117-FC685E30E2CE}"
EndProject
Project("{FAE04EC0-301F-11D3-BF4B-00C04F79EFBC}") = "ChampionsLeague.Data", "ChampionsLeague.Data\ChampionsLeague.Data.csproj", "{4CB762E0-6987-4CC4-967E-A1B7E80DA7E1}"
EndProject
Project("{FAE04EC0-301F-11D3-BF4B-00C04F79EFBC}") = "ChampionsLeague.ConsoleClient", "ChampionsLeague.ConsoleClient\ChampionsLeague.ConsoleClient.csproj", "{D6A54EE3-5EFD-4316-9901-BD5E13367C56}"
EndProject
Project("{FAE04EC0-301F-11D3-BF4B-00C04F79EFBC}") = "ChampionsLeague.XMLData", "ChampionsLeague.XMLData\ChampionsLeague.XMLData.csproj", "{984D8BA3-2F5A-4AAE-89BB-B908A19F2EDF}"
EndProject
Project("{FAE04EC0-301F-11D3-BF4B-00C04F79EFBC}") = "ChampionsLeague.MongoDb.Model", "ChampionsLeague.MongoDb.Model\ChampionsLeague.MongoDb.Model.csproj", "{898BC67F-5E78-46B2-BD5C-B04C4C9FF7A2}"
EndProject
Project("{FAE04EC0-301F-11D3-BF4B-00C04F79EFBC}") = "ChampionsLeague.MongoDb.Data", "ChampionsLeague.MongoDb.Data\ChampionsLeague.MongoDb.Data.csproj", "{7864FC4C-A021-4CF1-B270-AC524051483D}"
EndProject
Project("{FAE04EC0-301F-11D3-BF4B-00C04F79EFBC}") = "ChampionsLeague.Import", "ChampionsLeague.Import\ChampionsLeague.Import.csproj", "{B571B35D-FCF6-4852-B145-70D2F6C971E2}"
EndProject
Project("{FAE04EC0-301F-11D3-BF4B-00C04F79EFBC}") = "ChampionsLeague.JsonReports", "ChampionsLeague.JsonReports\ChampionsLeague.JsonReports.csproj", "{57672C9F-8202-4F4B-9D73-DE941A8F99FB}"
EndProject
Project("{FAE04EC0-301F-11D3-BF4B-00C04F79EFBC}") = "ChampionsLeague.ExcelReport", "ChampionsLeague.ExcelReport\ChampionsLeague.ExcelReport.csproj", "{43AA2F0E-C122-4B8C-8FC7-D2552DAB365C}"
EndProject
Project("{FAE04EC0-301F-11D3-BF4B-00C04F79EFBC}") = "ChampionsLeague.PdfReporter", "ChampionsLeague.PdfReporter\ChampionsLeague.PdfReporter.csproj", "{3811F1F2-CFA4-45AF-BA5F-891FAE0E130F}"
EndProject
Global
	GlobalSection(SolutionConfigurationPlatforms) = preSolution
		Debug|Any CPU = Debug|Any CPU
		Release|Any CPU = Release|Any CPU
	EndGlobalSection
	GlobalSection(ProjectConfigurationPlatforms) = postSolution
		{7DEA3435-7EF1-4BA9-9117-FC685E30E2CE}.Debug|Any CPU.ActiveCfg = Debug|Any CPU
		{7DEA3435-7EF1-4BA9-9117-FC685E30E2CE}.Debug|Any CPU.Build.0 = Debug|Any CPU
		{7DEA3435-7EF1-4BA9-9117-FC685E30E2CE}.Release|Any CPU.ActiveCfg = Release|Any CPU
		{7DEA3435-7EF1-4BA9-9117-FC685E30E2CE}.Release|Any CPU.Build.0 = Release|Any CPU
		{4CB762E0-6987-4CC4-967E-A1B7E80DA7E1}.Debug|Any CPU.ActiveCfg = Debug|Any CPU
		{4CB762E0-6987-4CC4-967E-A1B7E80DA7E1}.Debug|Any CPU.Build.0 = Debug|Any CPU
		{4CB762E0-6987-4CC4-967E-A1B7E80DA7E1}.Release|Any CPU.ActiveCfg = Release|Any CPU
		{4CB762E0-6987-4CC4-967E-A1B7E80DA7E1}.Release|Any CPU.Build.0 = Release|Any CPU
		{D6A54EE3-5EFD-4316-9901-BD5E13367C56}.Debug|Any CPU.ActiveCfg = Debug|Any CPU
		{D6A54EE3-5EFD-4316-9901-BD5E13367C56}.Debug|Any CPU.Build.0 = Debug|Any CPU
		{D6A54EE3-5EFD-4316-9901-BD5E13367C56}.Release|Any CPU.ActiveCfg = Release|Any CPU
		{D6A54EE3-5EFD-4316-9901-BD5E13367C56}.Release|Any CPU.Build.0 = Release|Any CPU
		{984D8BA3-2F5A-4AAE-89BB-B908A19F2EDF}.Debug|Any CPU.ActiveCfg = Debug|Any CPU
		{984D8BA3-2F5A-4AAE-89BB-B908A19F2EDF}.Debug|Any CPU.Build.0 = Debug|Any CPU
		{984D8BA3-2F5A-4AAE-89BB-B908A19F2EDF}.Release|Any CPU.ActiveCfg = Release|Any CPU
		{984D8BA3-2F5A-4AAE-89BB-B908A19F2EDF}.Release|Any CPU.Build.0 = Release|Any CPU
		{898BC67F-5E78-46B2-BD5C-B04C4C9FF7A2}.Debug|Any CPU.ActiveCfg = Debug|Any CPU
		{898BC67F-5E78-46B2-BD5C-B04C4C9FF7A2}.Debug|Any CPU.Build.0 = Debug|Any CPU
		{898BC67F-5E78-46B2-BD5C-B04C4C9FF7A2}.Release|Any CPU.ActiveCfg = Release|Any CPU
		{898BC67F-5E78-46B2-BD5C-B04C4C9FF7A2}.Release|Any CPU.Build.0 = Release|Any CPU
		{7864FC4C-A021-4CF1-B270-AC524051483D}.Debug|Any CPU.ActiveCfg = Debug|Any CPU
		{7864FC4C-A021-4CF1-B270-AC524051483D}.Debug|Any CPU.Build.0 = Debug|Any CPU
		{7864FC4C-A021-4CF1-B270-AC524051483D}.Release|Any CPU.ActiveCfg = Release|Any CPU
		{7864FC4C-A021-4CF1-B270-AC524051483D}.Release|Any CPU.Build.0 = Release|Any CPU
		{B571B35D-FCF6-4852-B145-70D2F6C971E2}.Debug|Any CPU.ActiveCfg = Debug|Any CPU
		{B571B35D-FCF6-4852-B145-70D2F6C971E2}.Debug|Any CPU.Build.0 = Debug|Any CPU
		{B571B35D-FCF6-4852-B145-70D2F6C971E2}.Release|Any CPU.ActiveCfg = Release|Any CPU
		{B571B35D-FCF6-4852-B145-70D2F6C971E2}.Release|Any CPU.Build.0 = Release|Any CPU
		{57672C9F-8202-4F4B-9D73-DE941A8F99FB}.Debug|Any CPU.ActiveCfg = Debug|Any CPU
		{57672C9F-8202-4F4B-9D73-DE941A8F99FB}.Debug|Any CPU.Build.0 = Debug|Any CPU
		{57672C9F-8202-4F4B-9D73-DE941A8F99FB}.Release|Any CPU.ActiveCfg = Release|Any CPU
		{57672C9F-8202-4F4B-9D73-DE941A8F99FB}.Release|Any CPU.Build.0 = Release|Any CPU
		{43AA2F0E-C122-4B8C-8FC7-D2552DAB365C}.Debug|Any CPU.ActiveCfg = Debug|Any CPU
		{43AA2F0E-C122-4B8C-8FC7-D2552DAB365C}.Debug|Any CPU.Build.0 = Debug|Any CPU
		{43AA2F0E-C122-4B8C-8FC7-D2552DAB365C}.Release|Any CPU.ActiveCfg = Release|Any CPU
		{43AA2F0E-C122-4B8C-8FC7-D2552DAB365C}.Release|Any CPU.Build.0 = Release|Any CPU
		{3811F1F2-CFA4-45AF-BA5F-891FAE0E130F}.Debug|Any CPU.ActiveCfg = Debug|Any CPU
		{3811F1F2-CFA4-45AF-BA5F-891FAE0E130F}.Debug|Any CPU.Build.0 = Debug|Any CPU
		{3811F1F2-CFA4-45AF-BA5F-891FAE0E130F}.Release|Any CPU.ActiveCfg = Release|Any CPU
		{3811F1F2-CFA4-45AF-BA5F-891FAE0E130F}.Release|Any CPU.Build.0 = Release|Any CPU
	EndGlobalSection
	GlobalSection(SolutionProperties) = preSolution
		HideSolutionNode = FALSE
	EndGlobalSection
EndGlobal
